
Microsoft Visual Studio Solution File, Format Version 12.00
# Visual Studio 15
VisualStudioVersion = 15.0.28307.2017
MinimumVisualStudioVersion = 10.0.40219.1
Project("{FAE04EC0-301F-11D3-BF4B-00C04F79EFBC}") = "CS223 LabSession 4", "CS223 LabSession 4\CS223 LabSession 4.csproj", "{C5276D2B-9DBE-449A-9046-3F04A8EB25E2}"
EndProject
Global
	GlobalSection(SolutionConfigurationPlatforms) = preSolution
		Debug|Any CPU = Debug|Any CPU
		Release|Any CPU = Release|Any CPU
	EndGlobalSection
	GlobalSection(ProjectConfigurationPlatforms) = postSolution
		{C5276D2B-9DBE-449A-9046-3F04A8EB25E2}.Debug|Any CPU.ActiveCfg = Debug|Any CPU
		{C5276D2B-9DBE-449A-9046-3F04A8EB25E2}.Debug|Any CPU.Build.0 = Debug|Any CPU
		{C5276D2B-9DBE-449A-9046-3F04A8EB25E2}.Release|Any CPU.ActiveCfg = Release|Any CPU
		{C5276D2B-9DBE-449A-9046-3F04A8EB25E2}.Release|Any CPU.Build.0 = Release|Any CPU
	EndGlobalSection
	GlobalSection(SolutionProperties) = preSolution
		HideSolutionNode = FALSE
	EndGlobalSection
	GlobalSection(ExtensibilityGlobals) = postSolution
		SolutionGuid = {14413FB3-1F5F-4757-93DD-D7EA5009B170}
	EndGlobalSection
EndGlobal
